{
    "_readme": [
        "This file locks the dependencies of your project to a known state",
        "Read more about it at https://getcomposer.org/doc/01-basic-usage.md#composer-lock-the-lock-file",
        "This file is @generated automatically"
    ],
    "content-hash": "365b1cd1f9bef5867381e7ed4acb3be8",
    "packages": [
        {
            "name": "tufanbarisyildirim/php-apk-parser",
            "version": "2.0.1",
            "source": {
                "type": "git",
                "url": "https://github.com/tufanbarisyildirim/php-apk-parser.git",
                "reference": "27369fef34184a6a50479dfaf03d35af0201d22e"
            },
            "dist": {
                "type": "zip",
                "url": "https://api.github.com/repos/tufanbarisyildirim/php-apk-parser/zipball/27369fef34184a6a50479dfaf03d35af0201d22e",
                "reference": "27369fef34184a6a50479dfaf03d35af0201d22e",
                "shasum": ""
            },
            "require": {
                "ext-json": "*",
                "ext-libxml": "*",
                "ext-mbstring": "*",
                "ext-simplexml": "*",
                "php": ">=5.3.0"
            },
            "require-dev": {
                "phpunit/phpunit": "3.7.*"
            },
            "type": "library",
            "autoload": {
                "psr-0": {
                    "ApkParser": "lib"
                }
            },
            "notification-url": "https://packagist.org/downloads/",
            "license": [
                "MIT"
            ],
            "authors": [
                {
                    "name": "Tufan Baris YILDIRIM",
                    "email": "tufanbarisyildirim@gmail.com",
                    "homepage": "http://tufanbarisyildirim.com",
                    "role": "Developer"
                }
            ],
            "description": "Read basic info about an application from .apk file.",
            "homepage": "https://github.com/tufanbarisyildirim/php-apk-parser",
            "keywords": [
                "android",
                "apk",
                "parser"
            ],
            "time": "2019-02-13T08:25:39+00:00"
        }
    ],
    "packages-dev": [],
    "aliases": [],
    "minimum-stability": "stable",
    "stability-flags": [],
    "prefer-stable": false,
    "prefer-lowest": false,
    "platform": [],
    "platform-dev": []
}
